
Microsoft Visual Studio Solution File, Format Version 11.00
# Visual Studio 2010
Project("{8BC9CEB8-8B4A-11D0-8D11-00A0C91BC942}") = "VisualStudioPrj", "VisualStudioPrj.vcxproj", "{00FB93CC-F21E-4EC5-89D7-C9C60B9B5566}"
EndProject
Global
	GlobalSection(SolutionConfigurationPlatforms) = preSolution
		Debug|Win32 = Debug|Win32
		Release|Win32 = Release|Win32
	EndGlobalSection
	GlobalSection(ProjectConfigurationPlatforms) = postSolution
		{00FB93CC-F21E-4EC5-89D7-C9C60B9B5566}.Debug|Win32.ActiveCfg = Debug|Win32
		{00FB93CC-F21E-4EC5-89D7-C9C60B9B5566}.Debug|Win32.Build.0 = Debug|Win32
		{00FB93CC-F21E-4EC5-89D7-C9C60B9B5566}.Release|Win32.ActiveCfg = Release|Win32
		{00FB93CC-F21E-4EC5-89D7-C9C60B9B5566}.Release|Win32.Build.0 = Release|Win32
	EndGlobalSection
	GlobalSection(SolutionProperties) = preSolution
		HideSolutionNode = FALSE
	EndGlobalSection
EndGlobal
